// !$*UTF8*$!
{
	archiveVersion = 1;
	classes = {
	};
	objectVersion = 50;
	objects = {

/* Begin PBXBuildFile section */
		1839170733BC70C4BC553D2C /* Pods_Firebase_Chat.framework in Frameworks */ = {isa = PBXBuildFile; fileRef = 3F77D0CB4FA5E71FED54724A /* Pods_Firebase_Chat.framework */; };
		EBE44256221367C300C48210 /* AppDelegate.swift in Sources */ = {isa = PBXBuildFile; fileRef = EBE44255221367C300C48210 /* AppDelegate.swift */; };
		EBE4425B221367C300C48210 /* Main.storyboard in Resources */ = {isa = PBXBuildFile; fileRef = EBE44259221367C300C48210 /* Main.storyboard */; };
		EBE4425D221367C400C48210 /* Assets.xcassets in Resources */ = {isa = PBXBuildFile; fileRef = EBE4425C221367C400C48210 /* Assets.xcassets */; };
		EBE44260221367C400C48210 /* LaunchScreen.storyboard in Resources */ = {isa = PBXBuildFile; fileRef = EBE4425E221367C400C48210 /* LaunchScreen.storyboard */; };
		EBE4426C2213795000C48210 /* GoogleService-Info.plist in Resources */ = {isa = PBXBuildFile; fileRef = EBE4426B2213795000C48210 /* GoogleService-Info.plist */; };
		EBE4427122137E7D00C48210 /* MessageViewController.swift in Sources */ = {isa = PBXBuildFile; fileRef = EBE4427022137E7D00C48210 /* MessageViewController.swift */; };
		EBE4427322137E9400C48210 /* MessageTableViewController.swift in Sources */ = {isa = PBXBuildFile; fileRef = EBE4427222137E9400C48210 /* MessageTableViewController.swift */; };
		EBE4427522137EB700C48210 /* MessageTableViewCell.swift in Sources */ = {isa = PBXBuildFile; fileRef = EBE4427422137EB700C48210 /* MessageTableViewCell.swift */; };
		EBE44277221385EA00C48210 /* Message.swift in Sources */ = {isa = PBXBuildFile; fileRef = EBE44276221385EA00C48210 /* Message.swift */; };
		EBE4427B221388F200C48210 /* MessageController.swift in Sources */ = {isa = PBXBuildFile; fileRef = EBE4427A221388F200C48210 /* MessageController.swift */; };
/* End PBXBuildFile section */

/* Begin PBXFileReference section */
		3F77D0CB4FA5E71FED54724A /* Pods_Firebase_Chat.framework */ = {isa = PBXFileReference; explicitFileType = wrapper.framework; includeInIndex = 0; path = Pods_Firebase_Chat.framework; sourceTree = BUILT_PRODUCTS_DIR; };
		8EBA6D0FA5C57214739B23C8 /* Pods-Firebase-Chat.release.xcconfig */ = {isa = PBXFileReference; includeInIndex = 1; lastKnownFileType = text.xcconfig; name = "Pods-Firebase-Chat.release.xcconfig"; path = "Pods/Target Support Files/Pods-Firebase-Chat/Pods-Firebase-Chat.release.xcconfig"; sourceTree = "<group>"; };
		CA475F2A94890EC042029A8B /* Pods-Firebase-Chat.debug.xcconfig */ = {isa = PBXFileReference; includeInIndex = 1; lastKnownFileType = text.xcconfig; name = "Pods-Firebase-Chat.debug.xcconfig"; path = "Pods/Target Support Files/Pods-Firebase-Chat/Pods-Firebase-Chat.debug.xcconfig"; sourceTree = "<group>"; };
		EBE44252221367C300C48210 /* Firebase-Chat.app */ = {isa = PBXFileReference; explicitFileType = wrapper.application; includeInIndex = 0; path = "Firebase-Chat.app"; sourceTree = BUILT_PRODUCTS_DIR; };
		EBE44255221367C300C48210 /* AppDelegate.swift */ = {isa = PBXFileReference; lastKnownFileType = sourcecode.swift; path = AppDelegate.swift; sourceTree = "<group>"; };
		EBE4425A221367C300C48210 /* Base */ = {isa = PBXFileReference; lastKnownFileType = file.storyboard; name = Base; path = Base.lproj/Main.storyboard; sourceTree = "<group>"; };
		EBE4425C221367C400C48210 /* Assets.xcassets */ = {isa = PBXFileReference; lastKnownFileType = folder.assetcatalog; path = Assets.xcassets; sourceTree = "<group>"; };
		EBE4425F221367C400C48210 /* Base */ = {isa = PBXFileReference; lastKnownFileType = file.storyboard; name = Base; path = Base.lproj/LaunchScreen.storyboard; sourceTree = "<group>"; };
		EBE44261221367C400C48210 /* Info.plist */ = {isa = PBXFileReference; lastKnownFileType = text.plist.xml; path = Info.plist; sourceTree = "<group>"; };
		EBE4426B2213795000C48210 /* GoogleService-Info.plist */ = {isa = PBXFileReference; fileEncoding = 4; lastKnownFileType = text.plist.xml; path = "GoogleService-Info.plist"; sourceTree = "<group>"; };
		EBE4427022137E7D00C48210 /* MessageViewController.swift */ = {isa = PBXFileReference; lastKnownFileType = sourcecode.swift; path = MessageViewController.swift; sourceTree = "<group>"; };
		EBE4427222137E9400C48210 /* MessageTableViewController.swift */ = {isa = PBXFileReference; lastKnownFileType = sourcecode.swift; path = MessageTableViewController.swift; sourceTree = "<group>"; };
		EBE4427422137EB700C48210 /* MessageTableViewCell.swift */ = {isa = PBXFileReference; lastKnownFileType = sourcecode.swift; path = MessageTableViewCell.swift; sourceTree = "<group>"; };
		EBE44276221385EA00C48210 /* Message.swift */ = {isa = PBXFileReference; lastKnownFileType = sourcecode.swift; path = Message.swift; sourceTree = "<group>"; };
		EBE4427A221388F200C48210 /* MessageController.swift */ = {isa = PBXFileReference; lastKnownFileType = sourcecode.swift; path = MessageController.swift; sourceTree = "<group>"; };
/* End PBXFileReference section */

/* Begin PBXFrameworksBuildPhase section */
		EBE4424F221367C300C48210 /* Frameworks */ = {
			isa = PBXFrameworksBuildPhase;
			buildActionMask = 2147483647;
			files = (
				1839170733BC70C4BC553D2C /* Pods_Firebase_Chat.framework in Frameworks */,
			);
			runOnlyForDeploymentPostprocessing = 0;
		};
/* End PBXFrameworksBuildPhase section */

/* Begin PBXGroup section */
		2A820743C6FCBC2AC0D80A74 /* Pods */ = {
			isa = PBXGroup;
			children = (
				CA475F2A94890EC042029A8B /* Pods-Firebase-Chat.debug.xcconfig */,
				8EBA6D0FA5C57214739B23C8 /* Pods-Firebase-Chat.release.xcconfig */,
			);
			name = Pods;
			sourceTree = "<group>";
		};
		B14D2BDBF645A80C815282F7 /* Frameworks */ = {
			isa = PBXGroup;
			children = (
				3F77D0CB4FA5E71FED54724A /* Pods_Firebase_Chat.framework */,
			);
			name = Frameworks;
			sourceTree = "<group>";
		};
		EBE44249221367C300C48210 = {
			isa = PBXGroup;
			children = (
				EBE44254221367C300C48210 /* Firebase-Chat */,
				EBE44253221367C300C48210 /* Products */,
				2A820743C6FCBC2AC0D80A74 /* Pods */,
				B14D2BDBF645A80C815282F7 /* Frameworks */,
			);
			sourceTree = "<group>";
		};
		EBE44253221367C300C48210 /* Products */ = {
			isa = PBXGroup;
			children = (
				EBE44252221367C300C48210 /* Firebase-Chat.app */,
			);
			name = Products;
			sourceTree = "<group>";
		};
		EBE44254221367C300C48210 /* Firebase-Chat */ = {
			isa = PBXGroup;
			children = (
				EBE4426F22137E3700C48210 /* View Controller */,
				EBE4426E22137E2800C48210 /* Model Controller */,
				EBE4426D22137E1A00C48210 /* Model */,
				EBE44255221367C300C48210 /* AppDelegate.swift */,
				EBE44259221367C300C48210 /* Main.storyboard */,
				EBE4425C221367C400C48210 /* Assets.xcassets */,
				EBE4425E221367C400C48210 /* LaunchScreen.storyboard */,
				EBE44261221367C400C48210 /* Info.plist */,
				EBE4426B2213795000C48210 /* GoogleService-Info.plist */,
			);
			path = "Firebase-Chat";
			sourceTree = "<group>";
		};
		EBE4426D22137E1A00C48210 /* Model */ = {
			isa = PBXGroup;
			children = (
				EBE44276221385EA00C48210 /* Message.swift */,
			);
			path = Model;
			sourceTree = "<group>";
		};
		EBE4426E22137E2800C48210 /* Model Controller */ = {
			isa = PBXGroup;
			children = (
				EBE4427A221388F200C48210 /* MessageController.swift */,
			);
			path = "Model Controller";
			sourceTree = "<group>";
		};
		EBE4426F22137E3700C48210 /* View Controller */ = {
			isa = PBXGroup;
			children = (
				EBE4427022137E7D00C48210 /* MessageViewController.swift */,
				EBE4427222137E9400C48210 /* MessageTableViewController.swift */,
				EBE4427422137EB700C48210 /* MessageTableViewCell.swift */,
			);
			path = "View Controller";
			sourceTree = "<group>";
		};
/* End PBXGroup section */

/* Begin PBXNativeTarget section */
		EBE44251221367C300C48210 /* Firebase-Chat */ = {
			isa = PBXNativeTarget;
			buildConfigurationList = EBE44264221367C400C48210 /* Build configuration list for PBXNativeTarget "Firebase-Chat" */;
			buildPhases = (
				841B8777A5653E9265BD6C1D /* [CP] Check Pods Manifest.lock */,
				EBE4424E221367C300C48210 /* Sources */,
				EBE4424F221367C300C48210 /* Frameworks */,
				EBE44250221367C300C48210 /* Resources */,
				A0FEC2BE6EACE92E4FF02580 /* [CP] Embed Pods Frameworks */,
			);
			buildRules = (
			);
			dependencies = (
			);
			name = "Firebase-Chat";
			productName = "Firebase-Chat";
			productReference = EBE44252221367C300C48210 /* Firebase-Chat.app */;
			productType = "com.apple.product-type.application";
		};
/* End PBXNativeTarget section */

/* Begin PBXProject section */
		EBE4424A221367C300C48210 /* Project object */ = {
			isa = PBXProject;
			attributes = {
				LastSwiftUpdateCheck = 1010;
				LastUpgradeCheck = 1010;
				ORGANIZATIONNAME = "Iyin Raphael";
				TargetAttributes = {
					EBE44251221367C300C48210 = {
						CreatedOnToolsVersion = 10.1;
					};
				};
			};
			buildConfigurationList = EBE4424D221367C300C48210 /* Build configuration list for PBXProject "Firebase-Chat" */;
			compatibilityVersion = "Xcode 9.3";
			developmentRegion = en;
			hasScannedForEncodings = 0;
			knownRegions = (
				en,
				Base,
			);
			mainGroup = EBE44249221367C300C48210;
			productRefGroup = EBE44253221367C300C48210 /* Products */;
			projectDirPath = "";
			projectRoot = "";
			targets = (
				EBE44251221367C300C48210 /* Firebase-Chat */,
			);
		};
/* End PBXProject section */

/* Begin PBXResourcesBuildPhase section */
		EBE44250221367C300C48210 /* Resources */ = {
			isa = PBXResourcesBuildPhase;
			buildActionMask = 2147483647;
			files = (
				EBE44260221367C400C48210 /* LaunchScreen.storyboard in Resources */,
				EBE4426C2213795000C48210 /* GoogleService-Info.plist in Resources */,
				EBE4425D221367C400C48210 /* Assets.xcassets in Resources */,
				EBE4425B221367C300C48210 /* Main.storyboard in Resources */,
			);
			runOnlyForDeploymentPostprocessing = 0;
		};
/* End PBXResourcesBuildPhase section */

/* Begin PBXShellScriptBuildPhase section */
		841B8777A5653E9265BD6C1D /* [CP] Check Pods Manifest.lock */ = {
			isa = PBXShellScriptBuildPhase;
			buildActionMask = 2147483647;
			files = (
			);
			inputFileListPaths = (
			);
			inputPaths = (
				"${PODS_PODFILE_DIR_PATH}/Podfile.lock",
				"${PODS_ROOT}/Manifest.lock",
			);
			name = "[CP] Check Pods Manifest.lock";
			outputFileListPaths = (
			);
			outputPaths = (
				"$(DERIVED_FILE_DIR)/Pods-Firebase-Chat-checkManifestLockResult.txt",
			);
			runOnlyForDeploymentPostprocessing = 0;
			shellPath = /bin/sh;
			shellScript = "diff \"${PODS_PODFILE_DIR_PATH}/Podfile.lock\" \"${PODS_ROOT}/Manifest.lock\" > /dev/null\nif [ $? != 0 ] ; then\n    # print error to STDERR\n    echo \"error: The sandbox is not in sync with the Podfile.lock. Run 'pod install' or update your CocoaPods installation.\" >&2\n    exit 1\nfi\n# This output is used by Xcode 'outputs' to avoid re-running this script phase.\necho \"SUCCESS\" > \"${SCRIPT_OUTPUT_FILE_0}\"\n";
			showEnvVarsInLog = 0;
		};
		A0FEC2BE6EACE92E4FF02580 /* [CP] Embed Pods Frameworks */ = {
			isa = PBXShellScriptBuildPhase;
			buildActionMask = 2147483647;
			files = (
			);
			inputFileListPaths = (
			);
			inputPaths = (
				"${SRCROOT}/Pods/Target Support Files/Pods-Firebase-Chat/Pods-Firebase-Chat-frameworks.sh",
				"${BUILT_PRODUCTS_DIR}/GoogleUtilities/GoogleUtilities.framework",
				"${BUILT_PRODUCTS_DIR}/MessageInputBar/MessageInputBar.framework",
				"${BUILT_PRODUCTS_DIR}/MessageKit/MessageKit.framework",
				"${BUILT_PRODUCTS_DIR}/leveldb-library/leveldb.framework",
				"${BUILT_PRODUCTS_DIR}/nanopb/nanopb.framework",
			);
			name = "[CP] Embed Pods Frameworks";
			outputFileListPaths = (
			);
			outputPaths = (
				"${TARGET_BUILD_DIR}/${FRAMEWORKS_FOLDER_PATH}/GoogleUtilities.framework",
				"${TARGET_BUILD_DIR}/${FRAMEWORKS_FOLDER_PATH}/MessageInputBar.framework",
				"${TARGET_BUILD_DIR}/${FRAMEWORKS_FOLDER_PATH}/MessageKit.framework",
				"${TARGET_BUILD_DIR}/${FRAMEWORKS_FOLDER_PATH}/leveldb.framework",
				"${TARGET_BUILD_DIR}/${FRAMEWORKS_FOLDER_PATH}/nanopb.framework",
			);
			runOnlyForDeploymentPostprocessing = 0;
			shellPath = /bin/sh;
			shellScript = "\"${SRCROOT}/Pods/Target Support Files/Pods-Firebase-Chat/Pods-Firebase-Chat-frameworks.sh\"\n";
			showEnvVarsInLog = 0;
		};
/* End PBXShellScriptBuildPhase section */

/* Begin PBXSourcesBuildPhase section */
		EBE4424E221367C300C48210 /* Sources */ = {
			isa = PBXSourcesBuildPhase;
			buildActionMask = 2147483647;
			files = (
				EBE4427122137E7D00C48210 /* MessageViewController.swift in Sources */,
				EBE4427B221388F200C48210 /* MessageController.swift in Sources */,
				EBE4427522137EB700C48210 /* MessageTableViewCell.swift in Sources */,
				EBE44277221385EA00C48210 /* Message.swift in Sources */,
				EBE4427322137E9400C48210 /* MessageTableViewController.swift in Sources */,
				EBE44256221367C300C48210 /* AppDelegate.swift in Sources */,
			);
			runOnlyForDeploymentPostprocessing = 0;
		};
/* End PBXSourcesBuildPhase section */

/* Begin PBXVariantGroup section */
		EBE44259221367C300C48210 /* Main.storyboard */ = {
			isa = PBXVariantGroup;
			children = (
				EBE4425A221367C300C48210 /* Base */,
			);
			name = Main.storyboard;
			sourceTree = "<group>";
		};
		EBE4425E221367C400C48210 /* LaunchScreen.storyboard */ = {
			isa = PBXVariantGroup;
			children = (
				EBE4425F221367C400C48210 /* Base */,
			);
			name = LaunchScreen.storyboard;
			sourceTree = "<group>";
		};
/* End PBXVariantGroup section */

/* Begin XCBuildConfiguration section */
		EBE44262221367C400C48210 /* Debug */ = {
			isa = XCBuildConfiguration;
			buildSettings = {
				ALWAYS_SEARCH_USER_PATHS = NO;
				CLANG_ANALYZER_NONNULL = YES;
				CLANG_ANALYZER_NUMBER_OBJECT_CONVERSION = YES_AGGRESSIVE;
				CLANG_CXX_LANGUAGE_STANDARD = "gnu++14";
				CLANG_CXX_LIBRARY = "libc++";
				CLANG_ENABLE_MODULES = YES;
				CLANG_ENABLE_OBJC_ARC = YES;
				CLANG_ENABLE_OBJC_WEAK = YES;
				CLANG_WARN_BLOCK_CAPTURE_AUTORELEASING = YES;
				CLANG_WARN_BOOL_CONVERSION = YES;
				CLANG_WARN_COMMA = YES;
				CLANG_WARN_CONSTANT_CONVERSION = YES;
				CLANG_WARN_DEPRECATED_OBJC_IMPLEMENTATIONS = YES;
				CLANG_WARN_DIRECT_OBJC_ISA_USAGE = YES_ERROR;
				CLANG_WARN_DOCUMENTATION_COMMENTS = YES;
				CLANG_WARN_EMPTY_BODY = YES;
				CLANG_WARN_ENUM_CONVERSION = YES;
				CLANG_WARN_INFINITE_RECURSION = YES;
				CLANG_WARN_INT_CONVERSION = YES;
				CLANG_WARN_NON_LITERAL_NULL_CONVERSION = YES;
				CLANG_WARN_OBJC_IMPLICIT_RETAIN_SELF = YES;
				CLANG_WARN_OBJC_LITERAL_CONVERSION = YES;
				CLANG_WARN_OBJC_ROOT_CLASS = YES_ERROR;
				CLANG_WARN_RANGE_LOOP_ANALYSIS = YES;
				CLANG_WARN_STRICT_PROTOTYPES = YES;
				CLANG_WARN_SUSPICIOUS_MOVE = YES;
				CLANG_WARN_UNGUARDED_AVAILABILITY = YES_AGGRESSIVE;
				CLANG_WARN_UNREACHABLE_CODE = YES;
				CLANG_WARN__DUPLICATE_METHOD_MATCH = YES;
				CODE_SIGN_IDENTITY = "iPhone Developer";
				COPY_PHASE_STRIP = NO;
				DEBUG_INFORMATION_FORMAT = dwarf;
				ENABLE_STRICT_OBJC_MSGSEND = YES;
				ENABLE_TESTABILITY = YES;
				GCC_C_LANGUAGE_STANDARD = gnu11;
				GCC_DYNAMIC_NO_PIC = NO;
				GCC_NO_COMMON_BLOCKS = YES;
				GCC_OPTIMIZATION_LEVEL = 0;
				GCC_PREPROCESSOR_DEFINITIONS = (
					"DEBUG=1",
					"$(inherited)",
				);
				GCC_WARN_64_TO_32_BIT_CONVERSION = YES;
				GCC_WARN_ABOUT_RETURN_TYPE = YES_ERROR;
				GCC_WARN_UNDECLARED_SELECTOR = YES;
				GCC_WARN_UNINITIALIZED_AUTOS = YES_AGGRESSIVE;
				GCC_WARN_UNUSED_FUNCTION = YES;
				GCC_WARN_UNUSED_VARIABLE = YES;
				IPHONEOS_DEPLOYMENT_TARGET = 12.1;
				MTL_ENABLE_DEBUG_INFO = INCLUDE_SOURCE;
				MTL_FAST_MATH = YES;
				ONLY_ACTIVE_ARCH = YES;
				SDKROOT = iphoneos;
				SWIFT_ACTIVE_COMPILATION_CONDITIONS = DEBUG;
				SWIFT_OPTIMIZATION_LEVEL = "-Onone";
			};
			name = Debug;
		};
		EBE44263221367C400C48210 /* Release */ = {
			isa = XCBuildConfiguration;
			buildSettings = {
				ALWAYS_SEARCH_USER_PATHS = NO;
				CLANG_ANALYZER_NONNULL = YES;
				CLANG_ANALYZER_NUMBER_OBJECT_CONVERSION = YES_AGGRESSIVE;
				CLANG_CXX_LANGUAGE_STANDARD = "gnu++14";
				CLANG_CXX_LIBRARY = "libc++";
				CLANG_ENABLE_MODULES = YES;
				CLANG_ENABLE_OBJC_ARC = YES;
				CLANG_ENABLE_OBJC_WEAK = YES;
				CLANG_WARN_BLOCK_CAPTURE_AUTORELEASING = YES;
				CLANG_WARN_BOOL_CONVERSION = YES;
				CLANG_WARN_COMMA = YES;
				CLANG_WARN_CONSTANT_CONVERSION = YES;
				CLANG_WARN_DEPRECATED_OBJC_IMPLEMENTATIONS = YES;
				CLANG_WARN_DIRECT_OBJC_ISA_USAGE = YES_ERROR;
				CLANG_WARN_DOCUMENTATION_COMMENTS = YES;
				CLANG_WARN_EMPTY_BODY = YES;
				CLANG_WARN_ENUM_CONVERSION = YES;
				CLANG_WARN_INFINITE_RECURSION = YES;
				CLANG_WARN_INT_CONVERSION = YES;
				CLANG_WARN_NON_LITERAL_NULL_CONVERSION = YES;
				CLANG_WARN_OBJC_IMPLICIT_RETAIN_SELF = YES;
				CLANG_WARN_OBJC_LITERAL_CONVERSION = YES;
				CLANG_WARN_OBJC_ROOT_CLASS = YES_ERROR;
				CLANG_WARN_RANGE_LOOP_ANALYSIS = YES;
				CLANG_WARN_STRICT_PROTOTYPES = YES;
				CLANG_WARN_SUSPICIOUS_MOVE = YES;
				CLANG_WARN_UNGUARDED_AVAILABILITY = YES_AGGRESSIVE;
				CLANG_WARN_UNREACHABLE_CODE = YES;
				CLANG_WARN__DUPLICATE_METHOD_MATCH = YES;
				CODE_SIGN_IDENTITY = "iPhone Developer";
				COPY_PHASE_STRIP = NO;
				DEBUG_INFORMATION_FORMAT = "dwarf-with-dsym";
				ENABLE_NS_ASSERTIONS = NO;
				ENABLE_STRICT_OBJC_MSGSEND = YES;
				GCC_C_LANGUAGE_STANDARD = gnu11;
				GCC_NO_COMMON_BLOCKS = YES;
				GCC_WARN_64_TO_32_BIT_CONVERSION = YES;
				GCC_WARN_ABOUT_RETURN_TYPE = YES_ERROR;
				GCC_WARN_UNDECLARED_SELECTOR = YES;
				GCC_WARN_UNINITIALIZED_AUTOS = YES_AGGRESSIVE;
				GCC_WARN_UNUSED_FUNCTION = YES;
				GCC_WARN_UNUSED_VARIABLE = YES;
				IPHONEOS_DEPLOYMENT_TARGET = 12.1;
				MTL_ENABLE_DEBUG_INFO = NO;
				MTL_FAST_MATH = YES;
				SDKROOT = iphoneos;
				SWIFT_COMPILATION_MODE = wholemodule;
				SWIFT_OPTIMIZATION_LEVEL = "-O";
				VALIDATE_PRODUCT = YES;
			};
			name = Release;
		};
		EBE44265221367C400C48210 /* Debug */ = {
			isa = XCBuildConfiguration;
			baseConfigurationReference = CA475F2A94890EC042029A8B /* Pods-Firebase-Chat.debug.xcconfig */;
			buildSettings = {
				ASSETCATALOG_COMPILER_APPICON_NAME = AppIcon;
				CODE_SIGN_STYLE = Automatic;
				INFOPLIST_FILE = "Firebase-Chat/Info.plist";
				LD_RUNPATH_SEARCH_PATHS = (
					"$(inherited)",
					"@executable_path/Frameworks",
				);
				PRODUCT_BUNDLE_IDENTIFIER = "com.iyinraphael.Firebase-Chat";
				PRODUCT_NAME = "$(TARGET_NAME)";
				SWIFT_VERSION = 4.2;
				TARGETED_DEVICE_FAMILY = "1,2";
			};
			name = Debug;
		};
		EBE44266221367C400C48210 /* Release */ = {
			isa = XCBuildConfiguration;
			baseConfigurationReference = 8EBA6D0FA5C57214739B23C8 /* Pods-Firebase-Chat.release.xcconfig */;
			buildSettings = {
				ASSETCATALOG_COMPILER_APPICON_NAME = AppIcon;
				CODE_SIGN_STYLE = Automatic;
				INFOPLIST_FILE = "Firebase-Chat/Info.plist";
				LD_RUNPATH_SEARCH_PATHS = (
					"$(inherited)",
					"@executable_path/Frameworks",
				);
				PRODUCT_BUNDLE_IDENTIFIER = "com.iyinraphael.Firebase-Chat";
				PRODUCT_NAME = "$(TARGET_NAME)";
				SWIFT_VERSION = 4.2;
				TARGETED_DEVICE_FAMILY = "1,2";
			};
			name = Release;
		};
/* End XCBuildConfiguration section */

/* Begin XCConfigurationList section */
		EBE4424D221367C300C48210 /* Build configuration list for PBXProject "Firebase-Chat" */ = {
			isa = XCConfigurationList;
			buildConfigurations = (
				EBE44262221367C400C48210 /* Debug */,
				EBE44263221367C400C48210 /* Release */,
			);
			defaultConfigurationIsVisible = 0;
			defaultConfigurationName = Release;
		};
		EBE44264221367C400C48210 /* Build configuration list for PBXNativeTarget "Firebase-Chat" */ = {
			isa = XCConfigurationList;
			buildConfigurations = (
				EBE44265221367C400C48210 /* Debug */,
				EBE44266221367C400C48210 /* Release */,
			);
			defaultConfigurationIsVisible = 0;
			defaultConfigurationName = Release;
		};
/* End XCConfigurationList section */
	};
	rootObject = EBE4424A221367C300C48210 /* Project object */;
}
